// !$*UTF8*$!
{
	archiveVersion = 1;
	classes = {
	};
	objectVersion = 55;
	objects = {

/* Begin PBXBuildFile section */
		E06E297E2771F5C00036B297 /* Localizable.strings in Resources */ = {isa = PBXBuildFile; fileRef = E06E29802771F5C00036B297 /* Localizable.strings */; };
		E06E2984277232B00036B297 /* AboutViewController.swift in Sources */ = {isa = PBXBuildFile; fileRef = E06E2983277232B00036B297 /* AboutViewController.swift */; };
		E06E298727734E480036B297 /* AboutView.swift in Sources */ = {isa = PBXBuildFile; fileRef = E06E298527723AD30036B297 /* AboutView.swift */; };
		E06E298E277481F50036B297 /* HomeInteractor.swift in Sources */ = {isa = PBXBuildFile; fileRef = E06E298D277481F50036B297 /* HomeInteractor.swift */; };
		E06E29902774828B0036B297 /* HomePresenter.swift in Sources */ = {isa = PBXBuildFile; fileRef = E06E298F2774828B0036B297 /* HomePresenter.swift */; };
		E06E2992277483410036B297 /* HomeDataFlow.swift in Sources */ = {isa = PBXBuildFile; fileRef = E06E2991277483410036B297 /* HomeDataFlow.swift */; };
		E06E29952774844D0036B297 /* HomeViewModel.swift in Sources */ = {isa = PBXBuildFile; fileRef = E06E29942774844D0036B297 /* HomeViewModel.swift */; };
		E06E29982774899D0036B297 /* HomeProvider.swift in Sources */ = {isa = PBXBuildFile; fileRef = E06E29972774899D0036B297 /* HomeProvider.swift */; };
		E06E299A27748A540036B297 /* SharedUserDefaultsService.swift in Sources */ = {isa = PBXBuildFile; fileRef = E06E299927748A540036B297 /* SharedUserDefaultsService.swift */; };
		E06E299C2775EF150036B297 /* HomeBuilder.swift in Sources */ = {isa = PBXBuildFile; fileRef = E06E299B2775EF150036B297 /* HomeBuilder.swift */; };
		E06E299E2775EF480036B297 /* ModuleBuilder.swift in Sources */ = {isa = PBXBuildFile; fileRef = E06E299D2775EF480036B297 /* ModuleBuilder.swift */; };
		E0B6E18D276F79BA0068ED58 /* AppDelegate.swift in Sources */ = {isa = PBXBuildFile; fileRef = E0B6E18C276F79BA0068ED58 /* AppDelegate.swift */; };
		E0B6E18F276F79BA0068ED58 /* SceneDelegate.swift in Sources */ = {isa = PBXBuildFile; fileRef = E0B6E18E276F79BA0068ED58 /* SceneDelegate.swift */; };
		E0B6E191276F79BA0068ED58 /* HomeViewController.swift in Sources */ = {isa = PBXBuildFile; fileRef = E0B6E190276F79BA0068ED58 /* HomeViewController.swift */; };
		E0B6E196276F79BD0068ED58 /* Assets.xcassets in Resources */ = {isa = PBXBuildFile; fileRef = E0B6E195276F79BD0068ED58 /* Assets.xcassets */; };
		E0B6E199276F79BD0068ED58 /* LaunchScreen.storyboard in Resources */ = {isa = PBXBuildFile; fileRef = E0B6E197276F79BD0068ED58 /* LaunchScreen.storyboard */; };
		E0B6E1A4276F79BD0068ED58 /* QrWidgetTests.swift in Sources */ = {isa = PBXBuildFile; fileRef = E0B6E1A3276F79BD0068ED58 /* QrWidgetTests.swift */; };
		E0B6E1AE276F79BE0068ED58 /* QrWidgetUITests.swift in Sources */ = {isa = PBXBuildFile; fileRef = E0B6E1AD276F79BE0068ED58 /* QrWidgetUITests.swift */; };
		E0B6E1B0276F79BE0068ED58 /* QrWidgetUITestsLaunchTests.swift in Sources */ = {isa = PBXBuildFile; fileRef = E0B6E1AF276F79BE0068ED58 /* QrWidgetUITestsLaunchTests.swift */; };
		E0B6E1C0276F7AC10068ED58 /* HomeView.swift in Sources */ = {isa = PBXBuildFile; fileRef = E0B6E1BF276F7AC10068ED58 /* HomeView.swift */; };
		E0B6E1C6276F7CCC0068ED58 /* SnapKit in Frameworks */ = {isa = PBXBuildFile; productRef = E0B6E1C5276F7CCC0068ED58 /* SnapKit */; };
		E0B6E1C9276F7D330068ED58 /* ScanViewController.swift in Sources */ = {isa = PBXBuildFile; fileRef = E0B6E1C8276F7D330068ED58 /* ScanViewController.swift */; };
		E0B6E1CB276F7D4F0068ED58 /* ScanView.swift in Sources */ = {isa = PBXBuildFile; fileRef = E0B6E1CA276F7D4F0068ED58 /* ScanView.swift */; };
		E0B6E1D9276F897C0068ED58 /* WidgetKit.framework in Frameworks */ = {isa = PBXBuildFile; fileRef = E0B6E1D8276F897C0068ED58 /* WidgetKit.framework */; };
		E0B6E1DB276F897C0068ED58 /* SwiftUI.framework in Frameworks */ = {isa = PBXBuildFile; fileRef = E0B6E1DA276F897C0068ED58 /* SwiftUI.framework */; };
		E0B6E1DE276F897C0068ED58 /* Widget.swift in Sources */ = {isa = PBXBuildFile; fileRef = E0B6E1DD276F897C0068ED58 /* Widget.swift */; };
		E0B6E1E1276F897F0068ED58 /* Assets.xcassets in Resources */ = {isa = PBXBuildFile; fileRef = E0B6E1E0276F897F0068ED58 /* Assets.xcassets */; };
		E0B6E1E3276F897F0068ED58 /* Widget.intentdefinition in Sources */ = {isa = PBXBuildFile; fileRef = E0B6E1DF276F897C0068ED58 /* Widget.intentdefinition */; };
		E0B6E1E4276F897F0068ED58 /* Widget.intentdefinition in Sources */ = {isa = PBXBuildFile; fileRef = E0B6E1DF276F897C0068ED58 /* Widget.intentdefinition */; };
		E0B6E1E7276F897F0068ED58 /* WidgetExtension.appex in Embed App Extensions */ = {isa = PBXBuildFile; fileRef = E0B6E1D6276F897C0068ED58 /* WidgetExtension.appex */; settings = {ATTRIBUTES = (RemoveHeadersOnCopy, ); }; };
		E0B6E1ED276F9A270068ED58 /* Constants.swift in Sources */ = {isa = PBXBuildFile; fileRef = E0B6E1EC276F9A270068ED58 /* Constants.swift */; };
		E0B6E1EE276F9B760068ED58 /* Constants.swift in Sources */ = {isa = PBXBuildFile; fileRef = E0B6E1EC276F9A270068ED58 /* Constants.swift */; };
		E0B6E1F1276F9DD70068ED58 /* QrGenerator.swift in Sources */ = {isa = PBXBuildFile; fileRef = E0B6E1F0276F9DD60068ED58 /* QrGenerator.swift */; };
		E0B6E1F2276F9E310068ED58 /* QrGenerator.swift in Sources */ = {isa = PBXBuildFile; fileRef = E0B6E1F0276F9DD60068ED58 /* QrGenerator.swift */; };
/* End PBXBuildFile section */

/* Begin PBXContainerItemProxy section */
		E0B6E1A0276F79BD0068ED58 /* PBXContainerItemProxy */ = {
			isa = PBXContainerItemProxy;
			containerPortal = E0B6E181276F79BA0068ED58 /* Project object */;
			proxyType = 1;
			remoteGlobalIDString = E0B6E188276F79BA0068ED58;
			remoteInfo = QrWidget;
		};
		E0B6E1AA276F79BE0068ED58 /* PBXContainerItemProxy */ = {
			isa = PBXContainerItemProxy;
			containerPortal = E0B6E181276F79BA0068ED58 /* Project object */;
			proxyType = 1;
			remoteGlobalIDString = E0B6E188276F79BA0068ED58;
			remoteInfo = QrWidget;
		};
		E0B6E1E5276F897F0068ED58 /* PBXContainerItemProxy */ = {
			isa = PBXContainerItemProxy;
			containerPortal = E0B6E181276F79BA0068ED58 /* Project object */;
			proxyType = 1;
			remoteGlobalIDString = E0B6E1D5276F897C0068ED58;
			remoteInfo = WidgetExtension;
		};
/* End PBXContainerItemProxy section */

/* Begin PBXCopyFilesBuildPhase section */
		E0B6E1EB276F897F0068ED58 /* Embed App Extensions */ = {
			isa = PBXCopyFilesBuildPhase;
			buildActionMask = 2147483647;
			dstPath = "";
			dstSubfolderSpec = 13;
			files = (
				E0B6E1E7276F897F0068ED58 /* WidgetExtension.appex in Embed App Extensions */,
			);
			name = "Embed App Extensions";
			runOnlyForDeploymentPostprocessing = 0;
		};
/* End PBXCopyFilesBuildPhase section */

/* Begin PBXFileReference section */
		E06E29772771F24A0036B297 /* QrWidget.entitlements */ = {isa = PBXFileReference; lastKnownFileType = text.plist.entitlements; path = QrWidget.entitlements; sourceTree = "<group>"; };
		E06E297F2771F5C00036B297 /* en */ = {isa = PBXFileReference; lastKnownFileType = text.plist.strings; name = en; path = en.lproj/Localizable.strings; sourceTree = "<group>"; };
		E06E29812771F5D00036B297 /* ru */ = {isa = PBXFileReference; lastKnownFileType = text.plist.strings; name = ru; path = ru.lproj/Localizable.strings; sourceTree = "<group>"; };
		E06E2983277232B00036B297 /* AboutViewController.swift */ = {isa = PBXFileReference; lastKnownFileType = sourcecode.swift; path = AboutViewController.swift; sourceTree = "<group>"; };
		E06E298527723AD30036B297 /* AboutView.swift */ = {isa = PBXFileReference; lastKnownFileType = sourcecode.swift; path = AboutView.swift; sourceTree = "<group>"; };
		E06E298D277481F50036B297 /* HomeInteractor.swift */ = {isa = PBXFileReference; lastKnownFileType = sourcecode.swift; path = HomeInteractor.swift; sourceTree = "<group>"; };
		E06E298F2774828B0036B297 /* HomePresenter.swift */ = {isa = PBXFileReference; lastKnownFileType = sourcecode.swift; path = HomePresenter.swift; sourceTree = "<group>"; };
		E06E2991277483410036B297 /* HomeDataFlow.swift */ = {isa = PBXFileReference; lastKnownFileType = sourcecode.swift; path = HomeDataFlow.swift; sourceTree = "<group>"; };
		E06E29942774844D0036B297 /* HomeViewModel.swift */ = {isa = PBXFileReference; lastKnownFileType = sourcecode.swift; path = HomeViewModel.swift; sourceTree = "<group>"; };
		E06E29972774899D0036B297 /* HomeProvider.swift */ = {isa = PBXFileReference; lastKnownFileType = sourcecode.swift; path = HomeProvider.swift; sourceTree = "<group>"; };
		E06E299927748A540036B297 /* SharedUserDefaultsService.swift */ = {isa = PBXFileReference; lastKnownFileType = sourcecode.swift; path = SharedUserDefaultsService.swift; sourceTree = "<group>"; };
		E06E299B2775EF150036B297 /* HomeBuilder.swift */ = {isa = PBXFileReference; lastKnownFileType = sourcecode.swift; path = HomeBuilder.swift; sourceTree = "<group>"; };
		E06E299D2775EF480036B297 /* ModuleBuilder.swift */ = {isa = PBXFileReference; lastKnownFileType = sourcecode.swift; path = ModuleBuilder.swift; sourceTree = "<group>"; };
		E0B6E189276F79BA0068ED58 /* QrWidget.app */ = {isa = PBXFileReference; explicitFileType = wrapper.application; includeInIndex = 0; path = QrWidget.app; sourceTree = BUILT_PRODUCTS_DIR; };
		E0B6E18C276F79BA0068ED58 /* AppDelegate.swift */ = {isa = PBXFileReference; lastKnownFileType = sourcecode.swift; path = AppDelegate.swift; sourceTree = "<group>"; };
		E0B6E18E276F79BA0068ED58 /* SceneDelegate.swift */ = {isa = PBXFileReference; lastKnownFileType = sourcecode.swift; path = SceneDelegate.swift; sourceTree = "<group>"; };
		E0B6E190276F79BA0068ED58 /* HomeViewController.swift */ = {isa = PBXFileReference; lastKnownFileType = sourcecode.swift; path = HomeViewController.swift; sourceTree = "<group>"; };
		E0B6E195276F79BD0068ED58 /* Assets.xcassets */ = {isa = PBXFileReference; lastKnownFileType = folder.assetcatalog; path = Assets.xcassets; sourceTree = "<group>"; };
		E0B6E198276F79BD0068ED58 /* Base */ = {isa = PBXFileReference; lastKnownFileType = file.storyboard; name = Base; path = Base.lproj/LaunchScreen.storyboard; sourceTree = "<group>"; };
		E0B6E19A276F79BD0068ED58 /* Info.plist */ = {isa = PBXFileReference; lastKnownFileType = text.plist.xml; path = Info.plist; sourceTree = "<group>"; };
		E0B6E19F276F79BD0068ED58 /* QrWidgetTests.xctest */ = {isa = PBXFileReference; explicitFileType = wrapper.cfbundle; includeInIndex = 0; path = QrWidgetTests.xctest; sourceTree = BUILT_PRODUCTS_DIR; };
		E0B6E1A3276F79BD0068ED58 /* QrWidgetTests.swift */ = {isa = PBXFileReference; lastKnownFileType = sourcecode.swift; path = QrWidgetTests.swift; sourceTree = "<group>"; };
		E0B6E1A9276F79BE0068ED58 /* QrWidgetUITests.xctest */ = {isa = PBXFileReference; explicitFileType = wrapper.cfbundle; includeInIndex = 0; path = QrWidgetUITests.xctest; sourceTree = BUILT_PRODUCTS_DIR; };
		E0B6E1AD276F79BE0068ED58 /* QrWidgetUITests.swift */ = {isa = PBXFileReference; lastKnownFileType = sourcecode.swift; path = QrWidgetUITests.swift; sourceTree = "<group>"; };
		E0B6E1AF276F79BE0068ED58 /* QrWidgetUITestsLaunchTests.swift */ = {isa = PBXFileReference; lastKnownFileType = sourcecode.swift; path = QrWidgetUITestsLaunchTests.swift; sourceTree = "<group>"; };
		E0B6E1BF276F7AC10068ED58 /* HomeView.swift */ = {isa = PBXFileReference; lastKnownFileType = sourcecode.swift; path = HomeView.swift; sourceTree = "<group>"; };
		E0B6E1C8276F7D330068ED58 /* ScanViewController.swift */ = {isa = PBXFileReference; lastKnownFileType = sourcecode.swift; path = ScanViewController.swift; sourceTree = "<group>"; };
		E0B6E1CA276F7D4F0068ED58 /* ScanView.swift */ = {isa = PBXFileReference; lastKnownFileType = sourcecode.swift; path = ScanView.swift; sourceTree = "<group>"; };
		E0B6E1D6276F897C0068ED58 /* WidgetExtension.appex */ = {isa = PBXFileReference; explicitFileType = "wrapper.app-extension"; includeInIndex = 0; path = WidgetExtension.appex; sourceTree = BUILT_PRODUCTS_DIR; };
		E0B6E1D8276F897C0068ED58 /* WidgetKit.framework */ = {isa = PBXFileReference; lastKnownFileType = wrapper.framework; name = WidgetKit.framework; path = System/Library/Frameworks/WidgetKit.framework; sourceTree = SDKROOT; };
		E0B6E1DA276F897C0068ED58 /* SwiftUI.framework */ = {isa = PBXFileReference; lastKnownFileType = wrapper.framework; name = SwiftUI.framework; path = System/Library/Frameworks/SwiftUI.framework; sourceTree = SDKROOT; };
		E0B6E1DD276F897C0068ED58 /* Widget.swift */ = {isa = PBXFileReference; lastKnownFileType = sourcecode.swift; path = Widget.swift; sourceTree = "<group>"; };
		E0B6E1DF276F897C0068ED58 /* Widget.intentdefinition */ = {isa = PBXFileReference; lastKnownFileType = file.intentdefinition; path = Widget.intentdefinition; sourceTree = "<group>"; };
		E0B6E1E0276F897F0068ED58 /* Assets.xcassets */ = {isa = PBXFileReference; lastKnownFileType = folder.assetcatalog; path = Assets.xcassets; sourceTree = "<group>"; };
		E0B6E1E2276F897F0068ED58 /* Info.plist */ = {isa = PBXFileReference; lastKnownFileType = text.plist.xml; path = Info.plist; sourceTree = "<group>"; };
		E0B6E1EC276F9A270068ED58 /* Constants.swift */ = {isa = PBXFileReference; lastKnownFileType = sourcecode.swift; path = Constants.swift; sourceTree = "<group>"; };
		E0B6E1F0276F9DD60068ED58 /* QrGenerator.swift */ = {isa = PBXFileReference; lastKnownFileType = sourcecode.swift; path = QrGenerator.swift; sourceTree = "<group>"; };
		E0B6E1F3276FA6400068ED58 /* WidgetExtension.entitlements */ = {isa = PBXFileReference; lastKnownFileType = text.plist.entitlements; path = WidgetExtension.entitlements; sourceTree = "<group>"; };
/* End PBXFileReference section */

/* Begin PBXFrameworksBuildPhase section */
		E0B6E186276F79BA0068ED58 /* Frameworks */ = {
			isa = PBXFrameworksBuildPhase;
			buildActionMask = 2147483647;
			files = (
				E0B6E1C6276F7CCC0068ED58 /* SnapKit in Frameworks */,
			);
			runOnlyForDeploymentPostprocessing = 0;
		};
		E0B6E19C276F79BD0068ED58 /* Frameworks */ = {
			isa = PBXFrameworksBuildPhase;
			buildActionMask = 2147483647;
			files = (
			);
			runOnlyForDeploymentPostprocessing = 0;
		};
		E0B6E1A6276F79BE0068ED58 /* Frameworks */ = {
			isa = PBXFrameworksBuildPhase;
			buildActionMask = 2147483647;
			files = (
			);
			runOnlyForDeploymentPostprocessing = 0;
		};
		E0B6E1D3276F897C0068ED58 /* Frameworks */ = {
			isa = PBXFrameworksBuildPhase;
			buildActionMask = 2147483647;
			files = (
				E0B6E1DB276F897C0068ED58 /* SwiftUI.framework in Frameworks */,
				E0B6E1D9276F897C0068ED58 /* WidgetKit.framework in Frameworks */,
			);
			runOnlyForDeploymentPostprocessing = 0;
		};
/* End PBXFrameworksBuildPhase section */

/* Begin PBXGroup section */
		E06E2982277232980036B297 /* About */ = {
			isa = PBXGroup;
			children = (
				E06E2983277232B00036B297 /* AboutViewController.swift */,
				E06E298527723AD30036B297 /* AboutView.swift */,
			);
			path = About;
			sourceTree = "<group>";
		};
		E06E298A2774811C0036B297 /* View */ = {
			isa = PBXGroup;
			children = (
				E0B6E1BF276F7AC10068ED58 /* HomeView.swift */,
			);
			path = View;
			sourceTree = "<group>";
		};
		E06E29932774843D0036B297 /* Model */ = {
			isa = PBXGroup;
			children = (
				E06E29942774844D0036B297 /* HomeViewModel.swift */,
			);
			path = Model;
			sourceTree = "<group>";
		};
		E06E2996277489890036B297 /* Provider */ = {
			isa = PBXGroup;
			children = (
				E06E29972774899D0036B297 /* HomeProvider.swift */,
			);
			path = Provider;
			sourceTree = "<group>";
		};
		E0B6E180276F79BA0068ED58 = {
			isa = PBXGroup;
			children = (
				E0B6E1F3276FA6400068ED58 /* WidgetExtension.entitlements */,
				E0B6E1EF276F9DC20068ED58 /* Common */,
				E0B6E18B276F79BA0068ED58 /* QrWidget */,
				E0B6E1A2276F79BD0068ED58 /* QrWidgetTests */,
				E0B6E1AC276F79BE0068ED58 /* QrWidgetUITests */,
				E0B6E1DC276F897C0068ED58 /* Widget */,
				E0B6E1D7276F897C0068ED58 /* Frameworks */,
				E0B6E18A276F79BA0068ED58 /* Products */,
			);
			sourceTree = "<group>";
		};
		E0B6E18A276F79BA0068ED58 /* Products */ = {
			isa = PBXGroup;
			children = (
				E0B6E189276F79BA0068ED58 /* QrWidget.app */,
				E0B6E19F276F79BD0068ED58 /* QrWidgetTests.xctest */,
				E0B6E1A9276F79BE0068ED58 /* QrWidgetUITests.xctest */,
				E0B6E1D6276F897C0068ED58 /* WidgetExtension.appex */,
			);
			name = Products;
			sourceTree = "<group>";
		};
		E0B6E18B276F79BA0068ED58 /* QrWidget */ = {
			isa = PBXGroup;
			children = (
				E06E29772771F24A0036B297 /* QrWidget.entitlements */,
				E0B6E1CC276F7D980068ED58 /* Resources */,
				E0B6E1BC276F7A5D0068ED58 /* Sources */,
				E0B6E18C276F79BA0068ED58 /* AppDelegate.swift */,
				E0B6E18E276F79BA0068ED58 /* SceneDelegate.swift */,
				E0B6E195276F79BD0068ED58 /* Assets.xcassets */,
				E0B6E197276F79BD0068ED58 /* LaunchScreen.storyboard */,
				E0B6E19A276F79BD0068ED58 /* Info.plist */,
			);
			path = QrWidget;
			sourceTree = "<group>";
		};
		E0B6E1A2276F79BD0068ED58 /* QrWidgetTests */ = {
			isa = PBXGroup;
			children = (
				E0B6E1A3276F79BD0068ED58 /* QrWidgetTests.swift */,
			);
			path = QrWidgetTests;
			sourceTree = "<group>";
		};
		E0B6E1AC276F79BE0068ED58 /* QrWidgetUITests */ = {
			isa = PBXGroup;
			children = (
				E0B6E1AD276F79BE0068ED58 /* QrWidgetUITests.swift */,
				E0B6E1AF276F79BE0068ED58 /* QrWidgetUITestsLaunchTests.swift */,
			);
			path = QrWidgetUITests;
			sourceTree = "<group>";
		};
		E0B6E1BC276F7A5D0068ED58 /* Sources */ = {
			isa = PBXGroup;
			children = (
				E0B6E1BD276F7A670068ED58 /* Modules */,
				E06E299D2775EF480036B297 /* ModuleBuilder.swift */,
			);
			path = Sources;
			sourceTree = "<group>";
		};
		E0B6E1BD276F7A670068ED58 /* Modules */ = {
			isa = PBXGroup;
			children = (
				E06E2982277232980036B297 /* About */,
				E0B6E1C7276F7D0C0068ED58 /* Scan */,
				E0B6E1BE276F7AAB0068ED58 /* Home */,
			);
			path = Modules;
			sourceTree = "<group>";
		};
		E0B6E1BE276F7AAB0068ED58 /* Home */ = {
			isa = PBXGroup;
			children = (
				E06E2996277489890036B297 /* Provider */,
				E06E29932774843D0036B297 /* Model */,
				E06E298A2774811C0036B297 /* View */,
				E0B6E190276F79BA0068ED58 /* HomeViewController.swift */,
				E06E298D277481F50036B297 /* HomeInteractor.swift */,
				E06E298F2774828B0036B297 /* HomePresenter.swift */,
				E06E2991277483410036B297 /* HomeDataFlow.swift */,
				E06E299B2775EF150036B297 /* HomeBuilder.swift */,
			);
			path = Home;
			sourceTree = "<group>";
		};
		E0B6E1C7276F7D0C0068ED58 /* Scan */ = {
			isa = PBXGroup;
			children = (
				E0B6E1C8276F7D330068ED58 /* ScanViewController.swift */,
				E0B6E1CA276F7D4F0068ED58 /* ScanView.swift */,
			);
			path = Scan;
			sourceTree = "<group>";
		};
		E0B6E1CC276F7D980068ED58 /* Resources */ = {
			isa = PBXGroup;
			children = (
				E0B6E1CD276F7DA20068ED58 /* Strings */,
			);
			path = Resources;
			sourceTree = "<group>";
		};
		E0B6E1CD276F7DA20068ED58 /* Strings */ = {
			isa = PBXGroup;
			children = (
				E06E29802771F5C00036B297 /* Localizable.strings */,
			);
			path = Strings;
			sourceTree = "<group>";
		};
		E0B6E1D7276F897C0068ED58 /* Frameworks */ = {
			isa = PBXGroup;
			children = (
				E0B6E1D8276F897C0068ED58 /* WidgetKit.framework */,
				E0B6E1DA276F897C0068ED58 /* SwiftUI.framework */,
			);
			name = Frameworks;
			sourceTree = "<group>";
		};
		E0B6E1DC276F897C0068ED58 /* Widget */ = {
			isa = PBXGroup;
			children = (
				E0B6E1DD276F897C0068ED58 /* Widget.swift */,
				E0B6E1DF276F897C0068ED58 /* Widget.intentdefinition */,
				E0B6E1E0276F897F0068ED58 /* Assets.xcassets */,
				E0B6E1E2276F897F0068ED58 /* Info.plist */,
			);
			path = Widget;
			sourceTree = "<group>";
		};
		E0B6E1EF276F9DC20068ED58 /* Common */ = {
			isa = PBXGroup;
			children = (
				E0B6E1EC276F9A270068ED58 /* Constants.swift */,
				E0B6E1F0276F9DD60068ED58 /* QrGenerator.swift */,
				E06E299927748A540036B297 /* SharedUserDefaultsService.swift */,
			);
			path = Common;
			sourceTree = "<group>";
		};
/* End PBXGroup section */

/* Begin PBXNativeTarget section */
		E0B6E188276F79BA0068ED58 /* QrWidget */ = {
			isa = PBXNativeTarget;
			buildConfigurationList = E0B6E1B3276F79BE0068ED58 /* Build configuration list for PBXNativeTarget "QrWidget" */;
			buildPhases = (
				E0B6E185276F79BA0068ED58 /* Sources */,
				E0B6E186276F79BA0068ED58 /* Frameworks */,
				E0B6E187276F79BA0068ED58 /* Resources */,
				E0B6E1EB276F897F0068ED58 /* Embed App Extensions */,
			);
			buildRules = (
			);
			dependencies = (
				E0B6E1E6276F897F0068ED58 /* PBXTargetDependency */,
			);
			name = QrWidget;
			packageProductDependencies = (
				E0B6E1C5276F7CCC0068ED58 /* SnapKit */,
			);
			productName = QrWidget;
			productReference = E0B6E189276F79BA0068ED58 /* QrWidget.app */;
			productType = "com.apple.product-type.application";
		};
		E0B6E19E276F79BD0068ED58 /* QrWidgetTests */ = {
			isa = PBXNativeTarget;
			buildConfigurationList = E0B6E1B6276F79BE0068ED58 /* Build configuration list for PBXNativeTarget "QrWidgetTests" */;
			buildPhases = (
				E0B6E19B276F79BD0068ED58 /* Sources */,
				E0B6E19C276F79BD0068ED58 /* Frameworks */,
				E0B6E19D276F79BD0068ED58 /* Resources */,
			);
			buildRules = (
			);
			dependencies = (
				E0B6E1A1276F79BD0068ED58 /* PBXTargetDependency */,
			);
			name = QrWidgetTests;
			productName = QrWidgetTests;
			productReference = E0B6E19F276F79BD0068ED58 /* QrWidgetTests.xctest */;
			productType = "com.apple.product-type.bundle.unit-test";
		};
		E0B6E1A8276F79BE0068ED58 /* QrWidgetUITests */ = {
			isa = PBXNativeTarget;
			buildConfigurationList = E0B6E1B9276F79BE0068ED58 /* Build configuration list for PBXNativeTarget "QrWidgetUITests" */;
			buildPhases = (
				E0B6E1A5276F79BE0068ED58 /* Sources */,
				E0B6E1A6276F79BE0068ED58 /* Frameworks */,
				E0B6E1A7276F79BE0068ED58 /* Resources */,
			);
			buildRules = (
			);
			dependencies = (
				E0B6E1AB276F79BE0068ED58 /* PBXTargetDependency */,
			);
			name = QrWidgetUITests;
			productName = QrWidgetUITests;
			productReference = E0B6E1A9276F79BE0068ED58 /* QrWidgetUITests.xctest */;
			productType = "com.apple.product-type.bundle.ui-testing";
		};
		E0B6E1D5276F897C0068ED58 /* WidgetExtension */ = {
			isa = PBXNativeTarget;
			buildConfigurationList = E0B6E1E8276F897F0068ED58 /* Build configuration list for PBXNativeTarget "WidgetExtension" */;
			buildPhases = (
				E0B6E1D2276F897C0068ED58 /* Sources */,
				E0B6E1D3276F897C0068ED58 /* Frameworks */,
				E0B6E1D4276F897C0068ED58 /* Resources */,
			);
			buildRules = (
			);
			dependencies = (
			);
			name = WidgetExtension;
			productName = WidgetExtension;
			productReference = E0B6E1D6276F897C0068ED58 /* WidgetExtension.appex */;
			productType = "com.apple.product-type.app-extension";
		};
/* End PBXNativeTarget section */

/* Begin PBXProject section */
		E0B6E181276F79BA0068ED58 /* Project object */ = {
			isa = PBXProject;
			attributes = {
				BuildIndependentTargetsInParallel = 1;
				LastSwiftUpdateCheck = 1310;
				LastUpgradeCheck = 1310;
				TargetAttributes = {
					E0B6E188276F79BA0068ED58 = {
						CreatedOnToolsVersion = 13.1;
					};
					E0B6E19E276F79BD0068ED58 = {
						CreatedOnToolsVersion = 13.1;
						TestTargetID = E0B6E188276F79BA0068ED58;
					};
					E0B6E1A8276F79BE0068ED58 = {
						CreatedOnToolsVersion = 13.1;
						TestTargetID = E0B6E188276F79BA0068ED58;
					};
					E0B6E1D5276F897C0068ED58 = {
						CreatedOnToolsVersion = 13.1;
					};
				};
			};
			buildConfigurationList = E0B6E184276F79BA0068ED58 /* Build configuration list for PBXProject "QrWidget" */;
			compatibilityVersion = "Xcode 13.0";
			developmentRegion = en;
			hasScannedForEncodings = 0;
			knownRegions = (
				en,
				Base,
				ru,
			);
			mainGroup = E0B6E180276F79BA0068ED58;
			packageReferences = (
				E0B6E1C4276F7CCC0068ED58 /* XCRemoteSwiftPackageReference "SnapKit" */,
			);
			productRefGroup = E0B6E18A276F79BA0068ED58 /* Products */;
			projectDirPath = "";
			projectRoot = "";
			targets = (
				E0B6E188276F79BA0068ED58 /* QrWidget */,
				E0B6E19E276F79BD0068ED58 /* QrWidgetTests */,
				E0B6E1A8276F79BE0068ED58 /* QrWidgetUITests */,
				E0B6E1D5276F897C0068ED58 /* WidgetExtension */,
			);
		};
/* End PBXProject section */

/* Begin PBXResourcesBuildPhase section */
		E0B6E187276F79BA0068ED58 /* Resources */ = {
			isa = PBXResourcesBuildPhase;
			buildActionMask = 2147483647;
			files = (
				E0B6E199276F79BD0068ED58 /* LaunchScreen.storyboard in Resources */,
				E06E297E2771F5C00036B297 /* Localizable.strings in Resources */,
				E0B6E196276F79BD0068ED58 /* Assets.xcassets in Resources */,
			);
			runOnlyForDeploymentPostprocessing = 0;
		};
		E0B6E19D276F79BD0068ED58 /* Resources */ = {
			isa = PBXResourcesBuildPhase;
			buildActionMask = 2147483647;
			files = (
			);
			runOnlyForDeploymentPostprocessing = 0;
		};
		E0B6E1A7276F79BE0068ED58 /* Resources */ = {
			isa = PBXResourcesBuildPhase;
			buildActionMask = 2147483647;
			files = (
			);
			runOnlyForDeploymentPostprocessing = 0;
		};
		E0B6E1D4276F897C0068ED58 /* Resources */ = {
			isa = PBXResourcesBuildPhase;
			buildActionMask = 2147483647;
			files = (
				E0B6E1E1276F897F0068ED58 /* Assets.xcassets in Resources */,
			);
			runOnlyForDeploymentPostprocessing = 0;
		};
/* End PBXResourcesBuildPhase section */

/* Begin PBXSourcesBuildPhase section */
		E0B6E185276F79BA0068ED58 /* Sources */ = {
			isa = PBXSourcesBuildPhase;
			buildActionMask = 2147483647;
			files = (
				E0B6E191276F79BA0068ED58 /* HomeViewController.swift in Sources */,
				E06E29982774899D0036B297 /* HomeProvider.swift in Sources */,
				E0B6E1C0276F7AC10068ED58 /* HomeView.swift in Sources */,
				E06E298727734E480036B297 /* AboutView.swift in Sources */,
				E06E298E277481F50036B297 /* HomeInteractor.swift in Sources */,
				E0B6E1E4276F897F0068ED58 /* Widget.intentdefinition in Sources */,
				E06E299C2775EF150036B297 /* HomeBuilder.swift in Sources */,
				E0B6E1C9276F7D330068ED58 /* ScanViewController.swift in Sources */,
				E06E2992277483410036B297 /* HomeDataFlow.swift in Sources */,
				E0B6E1F1276F9DD70068ED58 /* QrGenerator.swift in Sources */,
				E06E299E2775EF480036B297 /* ModuleBuilder.swift in Sources */,
				E0B6E18D276F79BA0068ED58 /* AppDelegate.swift in Sources */,
				E0B6E18F276F79BA0068ED58 /* SceneDelegate.swift in Sources */,
				E06E29902774828B0036B297 /* HomePresenter.swift in Sources */,
				E0B6E1CB276F7D4F0068ED58 /* ScanView.swift in Sources */,
				E06E299A27748A540036B297 /* SharedUserDefaultsService.swift in Sources */,
				E06E2984277232B00036B297 /* AboutViewController.swift in Sources */,
				E06E29952774844D0036B297 /* HomeViewModel.swift in Sources */,
				E0B6E1ED276F9A270068ED58 /* Constants.swift in Sources */,
			);
			runOnlyForDeploymentPostprocessing = 0;
		};
		E0B6E19B276F79BD0068ED58 /* Sources */ = {
			isa = PBXSourcesBuildPhase;
			buildActionMask = 2147483647;
			files = (
				E0B6E1A4276F79BD0068ED58 /* QrWidgetTests.swift in Sources */,
			);
			runOnlyForDeploymentPostprocessing = 0;
		};
		E0B6E1A5276F79BE0068ED58 /* Sources */ = {
			isa = PBXSourcesBuildPhase;
			buildActionMask = 2147483647;
			files = (
				E0B6E1B0276F79BE0068ED58 /* QrWidgetUITestsLaunchTests.swift in Sources */,
				E0B6E1AE276F79BE0068ED58 /* QrWidgetUITests.swift in Sources */,
			);
			runOnlyForDeploymentPostprocessing = 0;
		};
		E0B6E1D2276F897C0068ED58 /* Sources */ = {
			isa = PBXSourcesBuildPhase;
			buildActionMask = 2147483647;
			files = (
				E0B6E1E3276F897F0068ED58 /* Widget.intentdefinition in Sources */,
				E0B6E1DE276F897C0068ED58 /* Widget.swift in Sources */,
				E0B6E1F2276F9E310068ED58 /* QrGenerator.swift in Sources */,
				E0B6E1EE276F9B760068ED58 /* Constants.swift in Sources */,
			);
			runOnlyForDeploymentPostprocessing = 0;
		};
/* End PBXSourcesBuildPhase section */

/* Begin PBXTargetDependency section */
		E0B6E1A1276F79BD0068ED58 /* PBXTargetDependency */ = {
			isa = PBXTargetDependency;
			target = E0B6E188276F79BA0068ED58 /* QrWidget */;
			targetProxy = E0B6E1A0276F79BD0068ED58 /* PBXContainerItemProxy */;
		};
		E0B6E1AB276F79BE0068ED58 /* PBXTargetDependency */ = {
			isa = PBXTargetDependency;
			target = E0B6E188276F79BA0068ED58 /* QrWidget */;
			targetProxy = E0B6E1AA276F79BE0068ED58 /* PBXContainerItemProxy */;
		};
		E0B6E1E6276F897F0068ED58 /* PBXTargetDependency */ = {
			isa = PBXTargetDependency;
			target = E0B6E1D5276F897C0068ED58 /* WidgetExtension */;
			targetProxy = E0B6E1E5276F897F0068ED58 /* PBXContainerItemProxy */;
		};
/* End PBXTargetDependency section */

/* Begin PBXVariantGroup section */
		E06E29802771F5C00036B297 /* Localizable.strings */ = {
			isa = PBXVariantGroup;
			children = (
				E06E297F2771F5C00036B297 /* en */,
				E06E29812771F5D00036B297 /* ru */,
			);
			name = Localizable.strings;
			sourceTree = "<group>";
		};
		E0B6E197276F79BD0068ED58 /* LaunchScreen.storyboard */ = {
			isa = PBXVariantGroup;
			children = (
				E0B6E198276F79BD0068ED58 /* Base */,
			);
			name = LaunchScreen.storyboard;
			sourceTree = "<group>";
		};
/* End PBXVariantGroup section */

/* Begin XCBuildConfiguration section */
		E0B6E1B1276F79BE0068ED58 /* Debug */ = {
			isa = XCBuildConfiguration;
			buildSettings = {
				ALWAYS_SEARCH_USER_PATHS = NO;
				CLANG_ANALYZER_LOCALIZABILITY_NONLOCALIZED = YES;
				CLANG_ANALYZER_NONNULL = YES;
				CLANG_ANALYZER_NUMBER_OBJECT_CONVERSION = YES_AGGRESSIVE;
				CLANG_CXX_LANGUAGE_STANDARD = "gnu++17";
				CLANG_CXX_LIBRARY = "libc++";
				CLANG_ENABLE_MODULES = YES;
				CLANG_ENABLE_OBJC_ARC = YES;
				CLANG_ENABLE_OBJC_WEAK = YES;
				CLANG_WARN_BLOCK_CAPTURE_AUTORELEASING = YES;
				CLANG_WARN_BOOL_CONVERSION = YES;
				CLANG_WARN_COMMA = YES;
				CLANG_WARN_CONSTANT_CONVERSION = YES;
				CLANG_WARN_DEPRECATED_OBJC_IMPLEMENTATIONS = YES;
				CLANG_WARN_DIRECT_OBJC_ISA_USAGE = YES_ERROR;
				CLANG_WARN_DOCUMENTATION_COMMENTS = YES;
				CLANG_WARN_EMPTY_BODY = YES;
				CLANG_WARN_ENUM_CONVERSION = YES;
				CLANG_WARN_INFINITE_RECURSION = YES;
				CLANG_WARN_INT_CONVERSION = YES;
				CLANG_WARN_NON_LITERAL_NULL_CONVERSION = YES;
				CLANG_WARN_OBJC_IMPLICIT_RETAIN_SELF = YES;
				CLANG_WARN_OBJC_LITERAL_CONVERSION = YES;
				CLANG_WARN_OBJC_ROOT_CLASS = YES_ERROR;
				CLANG_WARN_QUOTED_INCLUDE_IN_FRAMEWORK_HEADER = YES;
				CLANG_WARN_RANGE_LOOP_ANALYSIS = YES;
				CLANG_WARN_STRICT_PROTOTYPES = YES;
				CLANG_WARN_SUSPICIOUS_MOVE = YES;
				CLANG_WARN_UNGUARDED_AVAILABILITY = YES_AGGRESSIVE;
				CLANG_WARN_UNREACHABLE_CODE = YES;
				CLANG_WARN__DUPLICATE_METHOD_MATCH = YES;
				COPY_PHASE_STRIP = NO;
				DEBUG_INFORMATION_FORMAT = dwarf;
				ENABLE_STRICT_OBJC_MSGSEND = YES;
				ENABLE_TESTABILITY = YES;
				GCC_C_LANGUAGE_STANDARD = gnu11;
				GCC_DYNAMIC_NO_PIC = NO;
				GCC_NO_COMMON_BLOCKS = YES;
				GCC_OPTIMIZATION_LEVEL = 0;
				GCC_PREPROCESSOR_DEFINITIONS = (
					"DEBUG=1",
					"$(inherited)",
				);
				GCC_WARN_64_TO_32_BIT_CONVERSION = YES;
				GCC_WARN_ABOUT_RETURN_TYPE = YES_ERROR;
				GCC_WARN_UNDECLARED_SELECTOR = YES;
				GCC_WARN_UNINITIALIZED_AUTOS = YES_AGGRESSIVE;
				GCC_WARN_UNUSED_FUNCTION = YES;
				GCC_WARN_UNUSED_VARIABLE = YES;
				IPHONEOS_DEPLOYMENT_TARGET = 15.0;
				MTL_ENABLE_DEBUG_INFO = INCLUDE_SOURCE;
				MTL_FAST_MATH = YES;
				ONLY_ACTIVE_ARCH = YES;
				SDKROOT = iphoneos;
				SWIFT_ACTIVE_COMPILATION_CONDITIONS = DEBUG;
				SWIFT_OPTIMIZATION_LEVEL = "-Onone";
			};
			name = Debug;
		};
		E0B6E1B2276F79BE0068ED58 /* Release */ = {
			isa = XCBuildConfiguration;
			buildSettings = {
				ALWAYS_SEARCH_USER_PATHS = NO;
				CLANG_ANALYZER_LOCALIZABILITY_NONLOCALIZED = YES;
				CLANG_ANALYZER_NONNULL = YES;
				CLANG_ANALYZER_NUMBER_OBJECT_CONVERSION = YES_AGGRESSIVE;
				CLANG_CXX_LANGUAGE_STANDARD = "gnu++17";
				CLANG_CXX_LIBRARY = "libc++";
				CLANG_ENABLE_MODULES = YES;
				CLANG_ENABLE_OBJC_ARC = YES;
				CLANG_ENABLE_OBJC_WEAK = YES;
				CLANG_WARN_BLOCK_CAPTURE_AUTORELEASING = YES;
				CLANG_WARN_BOOL_CONVERSION = YES;
				CLANG_WARN_COMMA = YES;
				CLANG_WARN_CONSTANT_CONVERSION = YES;
				CLANG_WARN_DEPRECATED_OBJC_IMPLEMENTATIONS = YES;
				CLANG_WARN_DIRECT_OBJC_ISA_USAGE = YES_ERROR;
				CLANG_WARN_DOCUMENTATION_COMMENTS = YES;
				CLANG_WARN_EMPTY_BODY = YES;
				CLANG_WARN_ENUM_CONVERSION = YES;
				CLANG_WARN_INFINITE_RECURSION = YES;
				CLANG_WARN_INT_CONVERSION = YES;
				CLANG_WARN_NON_LITERAL_NULL_CONVERSION = YES;
				CLANG_WARN_OBJC_IMPLICIT_RETAIN_SELF = YES;
				CLANG_WARN_OBJC_LITERAL_CONVERSION = YES;
				CLANG_WARN_OBJC_ROOT_CLASS = YES_ERROR;
				CLANG_WARN_QUOTED_INCLUDE_IN_FRAMEWORK_HEADER = YES;
				CLANG_WARN_RANGE_LOOP_ANALYSIS = YES;
				CLANG_WARN_STRICT_PROTOTYPES = YES;
				CLANG_WARN_SUSPICIOUS_MOVE = YES;
				CLANG_WARN_UNGUARDED_AVAILABILITY = YES_AGGRESSIVE;
				CLANG_WARN_UNREACHABLE_CODE = YES;
				CLANG_WARN__DUPLICATE_METHOD_MATCH = YES;
				COPY_PHASE_STRIP = NO;
				DEBUG_INFORMATION_FORMAT = "dwarf-with-dsym";
				ENABLE_NS_ASSERTIONS = NO;
				ENABLE_STRICT_OBJC_MSGSEND = YES;
				GCC_C_LANGUAGE_STANDARD = gnu11;
				GCC_NO_COMMON_BLOCKS = YES;
				GCC_WARN_64_TO_32_BIT_CONVERSION = YES;
				GCC_WARN_ABOUT_RETURN_TYPE = YES_ERROR;
				GCC_WARN_UNDECLARED_SELECTOR = YES;
				GCC_WARN_UNINITIALIZED_AUTOS = YES_AGGRESSIVE;
				GCC_WARN_UNUSED_FUNCTION = YES;
				GCC_WARN_UNUSED_VARIABLE = YES;
				IPHONEOS_DEPLOYMENT_TARGET = 15.0;
				MTL_ENABLE_DEBUG_INFO = NO;
				MTL_FAST_MATH = YES;
				SDKROOT = iphoneos;
				SWIFT_COMPILATION_MODE = wholemodule;
				SWIFT_OPTIMIZATION_LEVEL = "-O";
				VALIDATE_PRODUCT = YES;
			};
			name = Release;
		};
		E0B6E1B4276F79BE0068ED58 /* Debug */ = {
			isa = XCBuildConfiguration;
			buildSettings = {
				ALWAYS_EMBED_SWIFT_STANDARD_LIBRARIES = YES;
				ASSETCATALOG_COMPILER_APPICON_NAME = AppIcon;
				ASSETCATALOG_COMPILER_GLOBAL_ACCENT_COLOR_NAME = AccentColor;
				CODE_SIGN_ENTITLEMENTS = QrWidget/QrWidget.entitlements;
				CODE_SIGN_STYLE = Automatic;
				CURRENT_PROJECT_VERSION = 1;
				DEVELOPMENT_TEAM = BBM883224S;
				GENERATE_INFOPLIST_FILE = YES;
				INFOPLIST_FILE = QrWidget/Info.plist;
				INFOPLIST_KEY_NSCameraUsageDescription = "Scanning QR codes";
				INFOPLIST_KEY_UIApplicationSupportsIndirectInputEvents = YES;
				INFOPLIST_KEY_UILaunchStoryboardName = LaunchScreen;
				INFOPLIST_KEY_UISupportedInterfaceOrientations = UIInterfaceOrientationPortrait;
				INFOPLIST_KEY_UISupportedInterfaceOrientations_iPad = "UIInterfaceOrientationPortrait UIInterfaceOrientationPortraitUpsideDown UIInterfaceOrientationLandscapeLeft UIInterfaceOrientationLandscapeRight";
				INFOPLIST_KEY_UISupportedInterfaceOrientations_iPhone = "UIInterfaceOrientationPortrait UIInterfaceOrientationLandscapeLeft UIInterfaceOrientationLandscapeRight";
				LD_RUNPATH_SEARCH_PATHS = (
					"$(inherited)",
					"@executable_path/Frameworks",
				);
				MARKETING_VERSION = 1.0;
				PRODUCT_BUNDLE_IDENTIFIER = sazonovd.QrWidget;
				PRODUCT_NAME = "$(TARGET_NAME)";
				SWIFT_EMIT_LOC_STRINGS = YES;
				SWIFT_VERSION = 5.0;
				TARGETED_DEVICE_FAMILY = "1,2";
			};
			name = Debug;
		};
		E0B6E1B5276F79BE0068ED58 /* Release */ = {
			isa = XCBuildConfiguration;
			buildSettings = {
				ALWAYS_EMBED_SWIFT_STANDARD_LIBRARIES = YES;
				ASSETCATALOG_COMPILER_APPICON_NAME = AppIcon;
				ASSETCATALOG_COMPILER_GLOBAL_ACCENT_COLOR_NAME = AccentColor;
				CODE_SIGN_ENTITLEMENTS = QrWidget/QrWidget.entitlements;
				CODE_SIGN_STYLE = Automatic;
				CURRENT_PROJECT_VERSION = 1;
				DEVELOPMENT_TEAM = BBM883224S;
				GENERATE_INFOPLIST_FILE = YES;
				INFOPLIST_FILE = QrWidget/Info.plist;
				INFOPLIST_KEY_NSCameraUsageDescription = "Scanning QR codes";
				INFOPLIST_KEY_UIApplicationSupportsIndirectInputEvents = YES;
				INFOPLIST_KEY_UILaunchStoryboardName = LaunchScreen;
				INFOPLIST_KEY_UISupportedInterfaceOrientations = UIInterfaceOrientationPortrait;
				INFOPLIST_KEY_UISupportedInterfaceOrientations_iPad = "UIInterfaceOrientationPortrait UIInterfaceOrientationPortraitUpsideDown UIInterfaceOrientationLandscapeLeft UIInterfaceOrientationLandscapeRight";
				INFOPLIST_KEY_UISupportedInterfaceOrientations_iPhone = "UIInterfaceOrientationPortrait UIInterfaceOrientationLandscapeLeft UIInterfaceOrientationLandscapeRight";
				LD_RUNPATH_SEARCH_PATHS = (
					"$(inherited)",
					"@executable_path/Frameworks",
				);
				MARKETING_VERSION = 1.0;
				PRODUCT_BUNDLE_IDENTIFIER = sazonovd.QrWidget;
				PRODUCT_NAME = "$(TARGET_NAME)";
				SWIFT_EMIT_LOC_STRINGS = YES;
				SWIFT_VERSION = 5.0;
				TARGETED_DEVICE_FAMILY = "1,2";
			};
			name = Release;
		};
		E0B6E1B7276F79BE0068ED58 /* Debug */ = {
			isa = XCBuildConfiguration;
			buildSettings = {
				ALWAYS_EMBED_SWIFT_STANDARD_LIBRARIES = YES;
				BUNDLE_LOADER = "$(TEST_HOST)";
				CODE_SIGN_STYLE = Automatic;
				CURRENT_PROJECT_VERSION = 1;
				DEVELOPMENT_TEAM = BBM883224S;
				GENERATE_INFOPLIST_FILE = YES;
				IPHONEOS_DEPLOYMENT_TARGET = 15.0;
				LD_RUNPATH_SEARCH_PATHS = (
					"$(inherited)",
					"@executable_path/Frameworks",
					"@loader_path/Frameworks",
				);
				MARKETING_VERSION = 1.0;
				PRODUCT_BUNDLE_IDENTIFIER = demo.sazonovd.QrWidgetTests;
				PRODUCT_NAME = "$(TARGET_NAME)";
				SWIFT_EMIT_LOC_STRINGS = NO;
				SWIFT_VERSION = 5.0;
				TARGETED_DEVICE_FAMILY = "1,2";
				TEST_HOST = "$(BUILT_PRODUCTS_DIR)/QrWidget.app/QrWidget";
			};
			name = Debug;
		};
		E0B6E1B8276F79BE0068ED58 /* Release */ = {
			isa = XCBuildConfiguration;
			buildSettings = {
				ALWAYS_EMBED_SWIFT_STANDARD_LIBRARIES = YES;
				BUNDLE_LOADER = "$(TEST_HOST)";
				CODE_SIGN_STYLE = Automatic;
				CURRENT_PROJECT_VERSION = 1;
				DEVELOPMENT_TEAM = BBM883224S;
				GENERATE_INFOPLIST_FILE = YES;
				IPHONEOS_DEPLOYMENT_TARGET = 15.0;
				LD_RUNPATH_SEARCH_PATHS = (
					"$(inherited)",
					"@executable_path/Frameworks",
					"@loader_path/Frameworks",
				);
				MARKETING_VERSION = 1.0;
				PRODUCT_BUNDLE_IDENTIFIER = demo.sazonovd.QrWidgetTests;
				PRODUCT_NAME = "$(TARGET_NAME)";
				SWIFT_EMIT_LOC_STRINGS = NO;
				SWIFT_VERSION = 5.0;
				TARGETED_DEVICE_FAMILY = "1,2";
				TEST_HOST = "$(BUILT_PRODUCTS_DIR)/QrWidget.app/QrWidget";
			};
			name = Release;
		};
		E0B6E1BA276F79BE0068ED58 /* Debug */ = {
			isa = XCBuildConfiguration;
			buildSettings = {
				ALWAYS_EMBED_SWIFT_STANDARD_LIBRARIES = YES;
				CODE_SIGN_STYLE = Automatic;
				CURRENT_PROJECT_VERSION = 1;
				DEVELOPMENT_TEAM = BBM883224S;
				GENERATE_INFOPLIST_FILE = YES;
				LD_RUNPATH_SEARCH_PATHS = (
					"$(inherited)",
					"@executable_path/Frameworks",
					"@loader_path/Frameworks",
				);
				MARKETING_VERSION = 1.0;
				PRODUCT_BUNDLE_IDENTIFIER = demo.sazonovd.QrWidgetUITests;
				PRODUCT_NAME = "$(TARGET_NAME)";
				SWIFT_EMIT_LOC_STRINGS = NO;
				SWIFT_VERSION = 5.0;
				TARGETED_DEVICE_FAMILY = "1,2";
				TEST_TARGET_NAME = QrWidget;
			};
			name = Debug;
		};
		E0B6E1BB276F79BE0068ED58 /* Release */ = {
			isa = XCBuildConfiguration;
			buildSettings = {
				ALWAYS_EMBED_SWIFT_STANDARD_LIBRARIES = YES;
				CODE_SIGN_STYLE = Automatic;
				CURRENT_PROJECT_VERSION = 1;
				DEVELOPMENT_TEAM = BBM883224S;
				GENERATE_INFOPLIST_FILE = YES;
				LD_RUNPATH_SEARCH_PATHS = (
					"$(inherited)",
					"@executable_path/Frameworks",
					"@loader_path/Frameworks",
				);
				MARKETING_VERSION = 1.0;
				PRODUCT_BUNDLE_IDENTIFIER = demo.sazonovd.QrWidgetUITests;
				PRODUCT_NAME = "$(TARGET_NAME)";
				SWIFT_EMIT_LOC_STRINGS = NO;
				SWIFT_VERSION = 5.0;
				TARGETED_DEVICE_FAMILY = "1,2";
				TEST_TARGET_NAME = QrWidget;
			};
			name = Release;
		};
		E0B6E1E9276F897F0068ED58 /* Debug */ = {
			isa = XCBuildConfiguration;
			buildSettings = {
				ASSETCATALOG_COMPILER_GLOBAL_ACCENT_COLOR_NAME = AccentColor;
				ASSETCATALOG_COMPILER_WIDGET_BACKGROUND_COLOR_NAME = WidgetBackground;
				CODE_SIGN_ENTITLEMENTS = WidgetExtension.entitlements;
				CODE_SIGN_STYLE = Automatic;
				CURRENT_PROJECT_VERSION = 1;
				DEVELOPMENT_TEAM = BBM883224S;
				GENERATE_INFOPLIST_FILE = YES;
				INFOPLIST_FILE = Widget/Info.plist;
				INFOPLIST_KEY_CFBundleDisplayName = Widget;
				INFOPLIST_KEY_NSHumanReadableCopyright = "";
				LD_RUNPATH_SEARCH_PATHS = (
					"$(inherited)",
					"@executable_path/Frameworks",
					"@executable_path/../../Frameworks",
				);
				MARKETING_VERSION = 1.0;
				PRODUCT_BUNDLE_IDENTIFIER = sazonovd.QrWidget.Widget;
				PRODUCT_NAME = "$(TARGET_NAME)";
				SKIP_INSTALL = YES;
				SWIFT_EMIT_LOC_STRINGS = YES;
				SWIFT_VERSION = 5.0;
				TARGETED_DEVICE_FAMILY = "1,2";
			};
			name = Debug;
		};
		E0B6E1EA276F897F0068ED58 /* Release */ = {
			isa = XCBuildConfiguration;
			buildSettings = {
				ASSETCATALOG_COMPILER_GLOBAL_ACCENT_COLOR_NAME = AccentColor;
				ASSETCATALOG_COMPILER_WIDGET_BACKGROUND_COLOR_NAME = WidgetBackground;
				CODE_SIGN_ENTITLEMENTS = WidgetExtension.entitlements;
				CODE_SIGN_STYLE = Automatic;
				CURRENT_PROJECT_VERSION = 1;
				DEVELOPMENT_TEAM = BBM883224S;
				GENERATE_INFOPLIST_FILE = YES;
				INFOPLIST_FILE = Widget/Info.plist;
				INFOPLIST_KEY_CFBundleDisplayName = Widget;
				INFOPLIST_KEY_NSHumanReadableCopyright = "";
				LD_RUNPATH_SEARCH_PATHS = (
					"$(inherited)",
					"@executable_path/Frameworks",
					"@executable_path/../../Frameworks",
				);
				MARKETING_VERSION = 1.0;
				PRODUCT_BUNDLE_IDENTIFIER = sazonovd.QrWidget.Widget;
				PRODUCT_NAME = "$(TARGET_NAME)";
				SKIP_INSTALL = YES;
				SWIFT_EMIT_LOC_STRINGS = YES;
				SWIFT_VERSION = 5.0;
				TARGETED_DEVICE_FAMILY = "1,2";
			};
			name = Release;
		};
/* End XCBuildConfiguration section */

/* Begin XCConfigurationList section */
		E0B6E184276F79BA0068ED58 /* Build configuration list for PBXProject "QrWidget" */ = {
			isa = XCConfigurationList;
			buildConfigurations = (
				E0B6E1B1276F79BE0068ED58 /* Debug */,
				E0B6E1B2276F79BE0068ED58 /* Release */,
			);
			defaultConfigurationIsVisible = 0;
			defaultConfigurationName = Release;
		};
		E0B6E1B3276F79BE0068ED58 /* Build configuration list for PBXNativeTarget "QrWidget" */ = {
			isa = XCConfigurationList;
			buildConfigurations = (
				E0B6E1B4276F79BE0068ED58 /* Debug */,
				E0B6E1B5276F79BE0068ED58 /* Release */,
			);
			defaultConfigurationIsVisible = 0;
			defaultConfigurationName = Release;
		};
		E0B6E1B6276F79BE0068ED58 /* Build configuration list for PBXNativeTarget "QrWidgetTests" */ = {
			isa = XCConfigurationList;
			buildConfigurations = (
				E0B6E1B7276F79BE0068ED58 /* Debug */,
				E0B6E1B8276F79BE0068ED58 /* Release */,
			);
			defaultConfigurationIsVisible = 0;
			defaultConfigurationName = Release;
		};
		E0B6E1B9276F79BE0068ED58 /* Build configuration list for PBXNativeTarget "QrWidgetUITests" */ = {
			isa = XCConfigurationList;
			buildConfigurations = (
				E0B6E1BA276F79BE0068ED58 /* Debug */,
				E0B6E1BB276F79BE0068ED58 /* Release */,
			);
			defaultConfigurationIsVisible = 0;
			defaultConfigurationName = Release;
		};
		E0B6E1E8276F897F0068ED58 /* Build configuration list for PBXNativeTarget "WidgetExtension" */ = {
			isa = XCConfigurationList;
			buildConfigurations = (
				E0B6E1E9276F897F0068ED58 /* Debug */,
				E0B6E1EA276F897F0068ED58 /* Release */,
			);
			defaultConfigurationIsVisible = 0;
			defaultConfigurationName = Release;
		};
/* End XCConfigurationList section */

/* Begin XCRemoteSwiftPackageReference section */
		E0B6E1C4276F7CCC0068ED58 /* XCRemoteSwiftPackageReference "SnapKit" */ = {
			isa = XCRemoteSwiftPackageReference;
			repositoryURL = "https://github.com/SnapKit/SnapKit.git";
			requirement = {
				kind = upToNextMajorVersion;
				minimumVersion = 5.0.0;
			};
		};
/* End XCRemoteSwiftPackageReference section */

/* Begin XCSwiftPackageProductDependency section */
		E0B6E1C5276F7CCC0068ED58 /* SnapKit */ = {
			isa = XCSwiftPackageProductDependency;
			package = E0B6E1C4276F7CCC0068ED58 /* XCRemoteSwiftPackageReference "SnapKit" */;
			productName = SnapKit;
		};
/* End XCSwiftPackageProductDependency section */
	};
	rootObject = E0B6E181276F79BA0068ED58 /* Project object */;
}
